
Microsoft Visual Studio Solution File, Format Version 12.00
# Visual Studio Version 16
VisualStudioVersion = 16.0.30114.105
MinimumVisualStudioVersion = 10.0.40219.1
Project("{FAE04EC0-301F-11D3-BF4B-00C04F79EFBC}") = "ExemploRefit.App", "ExemploRefit.App\ExemploRefit.App.csproj", "{160F2027-5D1A-4ED0-9005-5FF5FD3823B8}"
EndProject
Global
	GlobalSection(SolutionConfigurationPlatforms) = preSolution
		Debug|Any CPU = Debug|Any CPU
		Debug|x64 = Debug|x64
		Debug|x86 = Debug|x86
		Release|Any CPU = Release|Any CPU
		Release|x64 = Release|x64
		Release|x86 = Release|x86
	EndGlobalSection
	GlobalSection(SolutionProperties) = preSolution
		HideSolutionNode = FALSE
	EndGlobalSection
	GlobalSection(ProjectConfigurationPlatforms) = postSolution
		{160F2027-5D1A-4ED0-9005-5FF5FD3823B8}.Debug|Any CPU.ActiveCfg = Debug|Any CPU
		{160F2027-5D1A-4ED0-9005-5FF5FD3823B8}.Debug|Any CPU.Build.0 = Debug|Any CPU
		{160F2027-5D1A-4ED0-9005-5FF5FD3823B8}.Debug|x64.ActiveCfg = Debug|Any CPU
		{160F2027-5D1A-4ED0-9005-5FF5FD3823B8}.Debug|x64.Build.0 = Debug|Any CPU
		{160F2027-5D1A-4ED0-9005-5FF5FD3823B8}.Debug|x86.ActiveCfg = Debug|Any CPU
		{160F2027-5D1A-4ED0-9005-5FF5FD3823B8}.Debug|x86.Build.0 = Debug|Any CPU
		{160F2027-5D1A-4ED0-9005-5FF5FD3823B8}.Release|Any CPU.ActiveCfg = Release|Any CPU
		{160F2027-5D1A-4ED0-9005-5FF5FD3823B8}.Release|Any CPU.Build.0 = Release|Any CPU
		{160F2027-5D1A-4ED0-9005-5FF5FD3823B8}.Release|x64.ActiveCfg = Release|Any CPU
		{160F2027-5D1A-4ED0-9005-5FF5FD3823B8}.Release|x64.Build.0 = Release|Any CPU
		{160F2027-5D1A-4ED0-9005-5FF5FD3823B8}.Release|x86.ActiveCfg = Release|Any CPU
		{160F2027-5D1A-4ED0-9005-5FF5FD3823B8}.Release|x86.Build.0 = Release|Any CPU
		{3FF425E3-7E99-4D5E-8B2B-7335B9D28145}.Debug|Any CPU.ActiveCfg = Debug|Any CPU
		{3FF425E3-7E99-4D5E-8B2B-7335B9D28145}.Debug|Any CPU.Build.0 = Debug|Any CPU
		{3FF425E3-7E99-4D5E-8B2B-7335B9D28145}.Debug|x64.ActiveCfg = Debug|Any CPU
		{3FF425E3-7E99-4D5E-8B2B-7335B9D28145}.Debug|x64.Build.0 = Debug|Any CPU
		{3FF425E3-7E99-4D5E-8B2B-7335B9D28145}.Debug|x86.ActiveCfg = Debug|Any CPU
		{3FF425E3-7E99-4D5E-8B2B-7335B9D28145}.Debug|x86.Build.0 = Debug|Any CPU
		{3FF425E3-7E99-4D5E-8B2B-7335B9D28145}.Release|Any CPU.ActiveCfg = Release|Any CPU
		{3FF425E3-7E99-4D5E-8B2B-7335B9D28145}.Release|Any CPU.Build.0 = Release|Any CPU
		{3FF425E3-7E99-4D5E-8B2B-7335B9D28145}.Release|x64.ActiveCfg = Release|Any CPU
		{3FF425E3-7E99-4D5E-8B2B-7335B9D28145}.Release|x64.Build.0 = Release|Any CPU
		{3FF425E3-7E99-4D5E-8B2B-7335B9D28145}.Release|x86.ActiveCfg = Release|Any CPU
		{3FF425E3-7E99-4D5E-8B2B-7335B9D28145}.Release|x86.Build.0 = Release|Any CPU
	EndGlobalSection
EndGlobal
